
Microsoft Visual Studio Solution File, Format Version 12.00
# Visual Studio Version 16
VisualStudioVersion = 16.0.29509.3
MinimumVisualStudioVersion = 10.0.40219.1
Project("{9A19103F-16F7-4668-BE54-9A1E7A4F7556}") = "VortexCore", "VortexCore\VortexCore.csproj", "{DF6987DF-BA05-4D61-824F-AA0BA2C898CF}"
EndProject
Project("{FAE04EC0-301F-11D3-BF4B-00C04F79EFBC}") = "VortexDemo", "VortexDemo\VortexDemo.csproj", "{4E1D690C-0965-4EE4-BD44-FE596E899566}"
EndProject
Global
	GlobalSection(SolutionConfigurationPlatforms) = preSolution
		Debug|Any CPU = Debug|Any CPU
		Release|Any CPU = Release|Any CPU
	EndGlobalSection
	GlobalSection(ProjectConfigurationPlatforms) = postSolution
		{DF6987DF-BA05-4D61-824F-AA0BA2C898CF}.Debug|Any CPU.ActiveCfg = Debug|Any CPU
		{DF6987DF-BA05-4D61-824F-AA0BA2C898CF}.Debug|Any CPU.Build.0 = Debug|Any CPU
		{DF6987DF-BA05-4D61-824F-AA0BA2C898CF}.Release|Any CPU.ActiveCfg = Release|Any CPU
		{DF6987DF-BA05-4D61-824F-AA0BA2C898CF}.Release|Any CPU.Build.0 = Release|Any CPU
		{4E1D690C-0965-4EE4-BD44-FE596E899566}.Debug|Any CPU.ActiveCfg = Debug|Any CPU
		{4E1D690C-0965-4EE4-BD44-FE596E899566}.Debug|Any CPU.Build.0 = Debug|Any CPU
		{4E1D690C-0965-4EE4-BD44-FE596E899566}.Release|Any CPU.ActiveCfg = Release|Any CPU
		{4E1D690C-0965-4EE4-BD44-FE596E899566}.Release|Any CPU.Build.0 = Release|Any CPU
	EndGlobalSection
	GlobalSection(SolutionProperties) = preSolution
		HideSolutionNode = FALSE
	EndGlobalSection
	GlobalSection(ExtensibilityGlobals) = postSolution
		SolutionGuid = {055A4598-D0A3-4A55-BD32-A7F7B74F726B}
	EndGlobalSection
EndGlobal
